
Microsoft Visual Studio Solution File, Format Version 12.00
# Visual Studio 15
VisualStudioVersion = 15.0.27130.2010
MinimumVisualStudioVersion = 10.0.40219.1
Project("{9A19103F-16F7-4668-BE54-9A1E7A4F7556}") = "Forms.Media.VisualStateManager", "Forms.Media.VisualStateManager\Forms.Media.VisualStateManager.csproj", "{D5F003E1-A27E-4018-8FA1-6F1F6F11B009}"
EndProject
Project("{FAE04EC0-301F-11D3-BF4B-00C04F79EFBC}") = "Forms.VisualStateManager.Sample.Android", "Sample\Forms.VisualStateManager.Sample\Forms.VisualStateManager.Sample.Android\Forms.VisualStateManager.Sample.Android.csproj", "{7DE0856A-DE1A-4C05-BE5B-EC0DE7BE10F5}"
EndProject
Project("{FAE04EC0-301F-11D3-BF4B-00C04F79EFBC}") = "Forms.VisualStateManager.Sample.iOS", "Sample\Forms.VisualStateManager.Sample\Forms.VisualStateManager.Sample.iOS\Forms.VisualStateManager.Sample.iOS.csproj", "{E249E039-6C7B-4088-B65E-F16A02A7A6E5}"
EndProject
Project("{FAE04EC0-301F-11D3-BF4B-00C04F79EFBC}") = "Forms.VisualStateManager.Sample.UWP", "Sample\Forms.VisualStateManager.Sample\Forms.VisualStateManager.Sample.UWP\Forms.VisualStateManager.Sample.UWP.csproj", "{1F71650C-12DD-45EB-8CF2-CC0E4C0C14B2}"
EndProject
Project("{9A19103F-16F7-4668-BE54-9A1E7A4F7556}") = "Forms.VisualStateManager.Sample", "Sample\Forms.VisualStateManager.Sample\Forms.VisualStateManager.Sample\Forms.VisualStateManager.Sample.csproj", "{B356D4F6-9C20-4E10-A1DB-0CC4232DA557}"
EndProject
Project("{9A19103F-16F7-4668-BE54-9A1E7A4F7556}") = "Forms.Media.Animations", "Forms.Media.Animations\Forms.Media.Animations.csproj", "{B64472DA-8899-4D65-9070-555812BCE55A}"
EndProject
Project("{9A19103F-16F7-4668-BE54-9A1E7A4F7556}") = "Forms.Media", "Forms.Media\Forms.Media.csproj", "{AA7EFEF1-91F5-4218-9600-41D75E198039}"
EndProject
Global
	GlobalSection(SolutionConfigurationPlatforms) = preSolution
		Ad-Hoc|Any CPU = Ad-Hoc|Any CPU
		Ad-Hoc|ARM = Ad-Hoc|ARM
		Ad-Hoc|iPhone = Ad-Hoc|iPhone
		Ad-Hoc|iPhoneSimulator = Ad-Hoc|iPhoneSimulator
		Ad-Hoc|x64 = Ad-Hoc|x64
		Ad-Hoc|x86 = Ad-Hoc|x86
		AppStore|Any CPU = AppStore|Any CPU
		AppStore|ARM = AppStore|ARM
		AppStore|iPhone = AppStore|iPhone
		AppStore|iPhoneSimulator = AppStore|iPhoneSimulator
		AppStore|x64 = AppStore|x64
		AppStore|x86 = AppStore|x86
		Debug|Any CPU = Debug|Any CPU
		Debug|ARM = Debug|ARM
		Debug|iPhone = Debug|iPhone
		Debug|iPhoneSimulator = Debug|iPhoneSimulator
		Debug|x64 = Debug|x64
		Debug|x86 = Debug|x86
		Release|Any CPU = Release|Any CPU
		Release|ARM = Release|ARM
		Release|iPhone = Release|iPhone
		Release|iPhoneSimulator = Release|iPhoneSimulator
		Release|x64 = Release|x64
		Release|x86 = Release|x86
	EndGlobalSection
	GlobalSection(ProjectConfigurationPlatforms) = postSolution
		{D5F003E1-A27E-4018-8FA1-6F1F6F11B009}.Ad-Hoc|Any CPU.ActiveCfg = Release|Any CPU
		{D5F003E1-A27E-4018-8FA1-6F1F6F11B009}.Ad-Hoc|Any CPU.Build.0 = Release|Any CPU
		{D5F003E1-A27E-4018-8FA1-6F1F6F11B009}.Ad-Hoc|ARM.ActiveCfg = Release|Any CPU
		{D5F003E1-A27E-4018-8FA1-6F1F6F11B009}.Ad-Hoc|ARM.Build.0 = Release|Any CPU
		{D5F003E1-A27E-4018-8FA1-6F1F6F11B009}.Ad-Hoc|iPhone.ActiveCfg = Release|Any CPU
		{D5F003E1-A27E-4018-8FA1-6F1F6F11B009}.Ad-Hoc|iPhone.Build.0 = Release|Any CPU
		{D5F003E1-A27E-4018-8FA1-6F1F6F11B009}.Ad-Hoc|iPhoneSimulator.ActiveCfg = Release|Any CPU
		{D5F003E1-A27E-4018-8FA1-6F1F6F11B009}.Ad-Hoc|iPhoneSimulator.Build.0 = Release|Any CPU
		{D5F003E1-A27E-4018-8FA1-6F1F6F11B009}.Ad-Hoc|x64.ActiveCfg = Release|Any CPU
		{D5F003E1-A27E-4018-8FA1-6F1F6F11B009}.Ad-Hoc|x64.Build.0 = Release|Any CPU
		{D5F003E1-A27E-4018-8FA1-6F1F6F11B009}.Ad-Hoc|x86.ActiveCfg = Release|Any CPU
		{D5F003E1-A27E-4018-8FA1-6F1F6F11B009}.Ad-Hoc|x86.Build.0 = Release|Any CPU
		{D5F003E1-A27E-4018-8FA1-6F1F6F11B009}.AppStore|Any CPU.ActiveCfg = Release|Any CPU
		{D5F003E1-A27E-4018-8FA1-6F1F6F11B009}.AppStore|Any CPU.Build.0 = Release|Any CPU
		{D5F003E1-A27E-4018-8FA1-6F1F6F11B009}.AppStore|ARM.ActiveCfg = Release|Any CPU
		{D5F003E1-A27E-4018-8FA1-6F1F6F11B009}.AppStore|ARM.Build.0 = Release|Any CPU
		{D5F003E1-A27E-4018-8FA1-6F1F6F11B009}.AppStore|iPhone.ActiveCfg = Release|Any CPU
		{D5F003E1-A27E-4018-8FA1-6F1F6F11B009}.AppStore|iPhone.Build.0 = Release|Any CPU
		{D5F003E1-A27E-4018-8FA1-6F1F6F11B009}.AppStore|iPhoneSimulator.ActiveCfg = Release|Any CPU
		{D5F003E1-A27E-4018-8FA1-6F1F6F11B009}.AppStore|iPhoneSimulator.Build.0 = Release|Any CPU
		{D5F003E1-A27E-4018-8FA1-6F1F6F11B009}.AppStore|x64.ActiveCfg = Release|Any CPU
		{D5F003E1-A27E-4018-8FA1-6F1F6F11B009}.AppStore|x64.Build.0 = Release|Any CPU
		{D5F003E1-A27E-4018-8FA1-6F1F6F11B009}.AppStore|x86.ActiveCfg = Release|Any CPU
		{D5F003E1-A27E-4018-8FA1-6F1F6F11B009}.AppStore|x86.Build.0 = Release|Any CPU
		{D5F003E1-A27E-4018-8FA1-6F1F6F11B009}.Debug|Any CPU.ActiveCfg = Debug|Any CPU
		{D5F003E1-A27E-4018-8FA1-6F1F6F11B009}.Debug|Any CPU.Build.0 = Debug|Any CPU
		{D5F003E1-A27E-4018-8FA1-6F1F6F11B009}.Debug|ARM.ActiveCfg = Debug|Any CPU
		{D5F003E1-A27E-4018-8FA1-6F1F6F11B009}.Debug|ARM.Build.0 = Debug|Any CPU
		{D5F003E1-A27E-4018-8FA1-6F1F6F11B009}.Debug|iPhone.ActiveCfg = Debug|Any CPU
		{D5F003E1-A27E-4018-8FA1-6F1F6F11B009}.Debug|iPhone.Build.0 = Debug|Any CPU
		{D5F003E1-A27E-4018-8FA1-6F1F6F11B009}.Debug|iPhoneSimulator.ActiveCfg = Debug|Any CPU
		{D5F003E1-A27E-4018-8FA1-6F1F6F11B009}.Debug|iPhoneSimulator.Build.0 = Debug|Any CPU
		{D5F003E1-A27E-4018-8FA1-6F1F6F11B009}.Debug|x64.ActiveCfg = Debug|Any CPU
		{D5F003E1-A27E-4018-8FA1-6F1F6F11B009}.Debug|x64.Build.0 = Debug|Any CPU
		{D5F003E1-A27E-4018-8FA1-6F1F6F11B009}.Debug|x86.ActiveCfg = Debug|Any CPU
		{D5F003E1-A27E-4018-8FA1-6F1F6F11B009}.Debug|x86.Build.0 = Debug|Any CPU
		{D5F003E1-A27E-4018-8FA1-6F1F6F11B009}.Release|Any CPU.ActiveCfg = Release|Any CPU
		{D5F003E1-A27E-4018-8FA1-6F1F6F11B009}.Release|Any CPU.Build.0 = Release|Any CPU
		{D5F003E1-A27E-4018-8FA1-6F1F6F11B009}.Release|ARM.ActiveCfg = Release|Any CPU
		{D5F003E1-A27E-4018-8FA1-6F1F6F11B009}.Release|ARM.Build.0 = Release|Any CPU
		{D5F003E1-A27E-4018-8FA1-6F1F6F11B009}.Release|iPhone.ActiveCfg = Release|Any CPU
		{D5F003E1-A27E-4018-8FA1-6F1F6F11B009}.Release|iPhone.Build.0 = Release|Any CPU
		{D5F003E1-A27E-4018-8FA1-6F1F6F11B009}.Release|iPhoneSimulator.ActiveCfg = Release|Any CPU
		{D5F003E1-A27E-4018-8FA1-6F1F6F11B009}.Release|iPhoneSimulator.Build.0 = Release|Any CPU
		{D5F003E1-A27E-4018-8FA1-6F1F6F11B009}.Release|x64.ActiveCfg = Release|Any CPU
		{D5F003E1-A27E-4018-8FA1-6F1F6F11B009}.Release|x64.Build.0 = Release|Any CPU
		{D5F003E1-A27E-4018-8FA1-6F1F6F11B009}.Release|x86.ActiveCfg = Release|Any CPU
		{D5F003E1-A27E-4018-8FA1-6F1F6F11B009}.Release|x86.Build.0 = Release|Any CPU
		{7DE0856A-DE1A-4C05-BE5B-EC0DE7BE10F5}.Ad-Hoc|Any CPU.ActiveCfg = Release|Any CPU
		{7DE0856A-DE1A-4C05-BE5B-EC0DE7BE10F5}.Ad-Hoc|Any CPU.Build.0 = Release|Any CPU
		{7DE0856A-DE1A-4C05-BE5B-EC0DE7BE10F5}.Ad-Hoc|Any CPU.Deploy.0 = Release|Any CPU
		{7DE0856A-DE1A-4C05-BE5B-EC0DE7BE10F5}.Ad-Hoc|ARM.ActiveCfg = Release|Any CPU
		{7DE0856A-DE1A-4C05-BE5B-EC0DE7BE10F5}.Ad-Hoc|ARM.Build.0 = Release|Any CPU
		{7DE0856A-DE1A-4C05-BE5B-EC0DE7BE10F5}.Ad-Hoc|ARM.Deploy.0 = Release|Any CPU
		{7DE0856A-DE1A-4C05-BE5B-EC0DE7BE10F5}.Ad-Hoc|iPhone.ActiveCfg = Release|Any CPU
		{7DE0856A-DE1A-4C05-BE5B-EC0DE7BE10F5}.Ad-Hoc|iPhone.Build.0 = Release|Any CPU
		{7DE0856A-DE1A-4C05-BE5B-EC0DE7BE10F5}.Ad-Hoc|iPhone.Deploy.0 = Release|Any CPU
		{7DE0856A-DE1A-4C05-BE5B-EC0DE7BE10F5}.Ad-Hoc|iPhoneSimulator.ActiveCfg = Release|Any CPU
		{7DE0856A-DE1A-4C05-BE5B-EC0DE7BE10F5}.Ad-Hoc|iPhoneSimulator.Build.0 = Release|Any CPU
		{7DE0856A-DE1A-4C05-BE5B-EC0DE7BE10F5}.Ad-Hoc|iPhoneSimulator.Deploy.0 = Release|Any CPU
		{7DE0856A-DE1A-4C05-BE5B-EC0DE7BE10F5}.Ad-Hoc|x64.ActiveCfg = Release|Any CPU
		{7DE0856A-DE1A-4C05-BE5B-EC0DE7BE10F5}.Ad-Hoc|x64.Build.0 = Release|Any CPU
		{7DE0856A-DE1A-4C05-BE5B-EC0DE7BE10F5}.Ad-Hoc|x64.Deploy.0 = Release|Any CPU
		{7DE0856A-DE1A-4C05-BE5B-EC0DE7BE10F5}.Ad-Hoc|x86.ActiveCfg = Release|Any CPU
		{7DE0856A-DE1A-4C05-BE5B-EC0DE7BE10F5}.Ad-Hoc|x86.Build.0 = Release|Any CPU
		{7DE0856A-DE1A-4C05-BE5B-EC0DE7BE10F5}.Ad-Hoc|x86.Deploy.0 = Release|Any CPU
		{7DE0856A-DE1A-4C05-BE5B-EC0DE7BE10F5}.AppStore|Any CPU.ActiveCfg = Release|Any CPU
		{7DE0856A-DE1A-4C05-BE5B-EC0DE7BE10F5}.AppStore|Any CPU.Build.0 = Release|Any CPU
		{7DE0856A-DE1A-4C05-BE5B-EC0DE7BE10F5}.AppStore|Any CPU.Deploy.0 = Release|Any CPU
		{7DE0856A-DE1A-4C05-BE5B-EC0DE7BE10F5}.AppStore|ARM.ActiveCfg = Release|Any CPU
		{7DE0856A-DE1A-4C05-BE5B-EC0DE7BE10F5}.AppStore|ARM.Build.0 = Release|Any CPU
		{7DE0856A-DE1A-4C05-BE5B-EC0DE7BE10F5}.AppStore|ARM.Deploy.0 = Release|Any CPU
		{7DE0856A-DE1A-4C05-BE5B-EC0DE7BE10F5}.AppStore|iPhone.ActiveCfg = Release|Any CPU
		{7DE0856A-DE1A-4C05-BE5B-EC0DE7BE10F5}.AppStore|iPhone.Build.0 = Release|Any CPU
		{7DE0856A-DE1A-4C05-BE5B-EC0DE7BE10F5}.AppStore|iPhone.Deploy.0 = Release|Any CPU
		{7DE0856A-DE1A-4C05-BE5B-EC0DE7BE10F5}.AppStore|iPhoneSimulator.ActiveCfg = Release|Any CPU
		{7DE0856A-DE1A-4C05-BE5B-EC0DE7BE10F5}.AppStore|iPhoneSimulator.Build.0 = Release|Any CPU
		{7DE0856A-DE1A-4C05-BE5B-EC0DE7BE10F5}.AppStore|iPhoneSimulator.Deploy.0 = Release|Any CPU
		{7DE0856A-DE1A-4C05-BE5B-EC0DE7BE10F5}.AppStore|x64.ActiveCfg = Release|Any CPU
		{7DE0856A-DE1A-4C05-BE5B-EC0DE7BE10F5}.AppStore|x64.Build.0 = Release|Any CPU
		{7DE0856A-DE1A-4C05-BE5B-EC0DE7BE10F5}.AppStore|x64.Deploy.0 = Release|Any CPU
		{7DE0856A-DE1A-4C05-BE5B-EC0DE7BE10F5}.AppStore|x86.ActiveCfg = Release|Any CPU
		{7DE0856A-DE1A-4C05-BE5B-EC0DE7BE10F5}.AppStore|x86.Build.0 = Release|Any CPU
		{7DE0856A-DE1A-4C05-BE5B-EC0DE7BE10F5}.AppStore|x86.Deploy.0 = Release|Any CPU
		{7DE0856A-DE1A-4C05-BE5B-EC0DE7BE10F5}.Debug|Any CPU.ActiveCfg = Debug|Any CPU
		{7DE0856A-DE1A-4C05-BE5B-EC0DE7BE10F5}.Debug|Any CPU.Build.0 = Debug|Any CPU
		{7DE0856A-DE1A-4C05-BE5B-EC0DE7BE10F5}.Debug|Any CPU.Deploy.0 = Debug|Any CPU
		{7DE0856A-DE1A-4C05-BE5B-EC0DE7BE10F5}.Debug|ARM.ActiveCfg = Debug|Any CPU
		{7DE0856A-DE1A-4C05-BE5B-EC0DE7BE10F5}.Debug|ARM.Build.0 = Debug|Any CPU
		{7DE0856A-DE1A-4C05-BE5B-EC0DE7BE10F5}.Debug|ARM.Deploy.0 = Debug|Any CPU
		{7DE0856A-DE1A-4C05-BE5B-EC0DE7BE10F5}.Debug|iPhone.ActiveCfg = Debug|Any CPU
		{7DE0856A-DE1A-4C05-BE5B-EC0DE7BE10F5}.Debug|iPhone.Build.0 = Debug|Any CPU
		{7DE0856A-DE1A-4C05-BE5B-EC0DE7BE10F5}.Debug|iPhone.Deploy.0 = Debug|Any CPU
		{7DE0856A-DE1A-4C05-BE5B-EC0DE7BE10F5}.Debug|iPhoneSimulator.ActiveCfg = Debug|Any CPU
		{7DE0856A-DE1A-4C05-BE5B-EC0DE7BE10F5}.Debug|iPhoneSimulator.Build.0 = Debug|Any CPU
		{7DE0856A-DE1A-4C05-BE5B-EC0DE7BE10F5}.Debug|iPhoneSimulator.Deploy.0 = Debug|Any CPU
		{7DE0856A-DE1A-4C05-BE5B-EC0DE7BE10F5}.Debug|x64.ActiveCfg = Debug|Any CPU
		{7DE0856A-DE1A-4C05-BE5B-EC0DE7BE10F5}.Debug|x64.Build.0 = Debug|Any CPU
		{7DE0856A-DE1A-4C05-BE5B-EC0DE7BE10F5}.Debug|x64.Deploy.0 = Debug|Any CPU
		{7DE0856A-DE1A-4C05-BE5B-EC0DE7BE10F5}.Debug|x86.ActiveCfg = Debug|Any CPU
		{7DE0856A-DE1A-4C05-BE5B-EC0DE7BE10F5}.Debug|x86.Build.0 = Debug|Any CPU
		{7DE0856A-DE1A-4C05-BE5B-EC0DE7BE10F5}.Debug|x86.Deploy.0 = Debug|Any CPU
		{7DE0856A-DE1A-4C05-BE5B-EC0DE7BE10F5}.Release|Any CPU.ActiveCfg = Release|Any CPU
		{7DE0856A-DE1A-4C05-BE5B-EC0DE7BE10F5}.Release|Any CPU.Build.0 = Release|Any CPU
		{7DE0856A-DE1A-4C05-BE5B-EC0DE7BE10F5}.Release|Any CPU.Deploy.0 = Release|Any CPU
		{7DE0856A-DE1A-4C05-BE5B-EC0DE7BE10F5}.Release|ARM.ActiveCfg = Release|Any CPU
		{7DE0856A-DE1A-4C05-BE5B-EC0DE7BE10F5}.Release|ARM.Build.0 = Release|Any CPU
		{7DE0856A-DE1A-4C05-BE5B-EC0DE7BE10F5}.Release|ARM.Deploy.0 = Release|Any CPU
		{7DE0856A-DE1A-4C05-BE5B-EC0DE7BE10F5}.Release|iPhone.ActiveCfg = Release|Any CPU
		{7DE0856A-DE1A-4C05-BE5B-EC0DE7BE10F5}.Release|iPhone.Build.0 = Release|Any CPU
		{7DE0856A-DE1A-4C05-BE5B-EC0DE7BE10F5}.Release|iPhone.Deploy.0 = Release|Any CPU
		{7DE0856A-DE1A-4C05-BE5B-EC0DE7BE10F5}.Release|iPhoneSimulator.ActiveCfg = Release|Any CPU
		{7DE0856A-DE1A-4C05-BE5B-EC0DE7BE10F5}.Release|iPhoneSimulator.Build.0 = Release|Any CPU
		{7DE0856A-DE1A-4C05-BE5B-EC0DE7BE10F5}.Release|iPhoneSimulator.Deploy.0 = Release|Any CPU
		{7DE0856A-DE1A-4C05-BE5B-EC0DE7BE10F5}.Release|x64.ActiveCfg = Release|Any CPU
		{7DE0856A-DE1A-4C05-BE5B-EC0DE7BE10F5}.Release|x64.Build.0 = Release|Any CPU
		{7DE0856A-DE1A-4C05-BE5B-EC0DE7BE10F5}.Release|x64.Deploy.0 = Release|Any CPU
		{7DE0856A-DE1A-4C05-BE5B-EC0DE7BE10F5}.Release|x86.ActiveCfg = Release|Any CPU
		{7DE0856A-DE1A-4C05-BE5B-EC0DE7BE10F5}.Release|x86.Build.0 = Release|Any CPU
		{7DE0856A-DE1A-4C05-BE5B-EC0DE7BE10F5}.Release|x86.Deploy.0 = Release|Any CPU
		{E249E039-6C7B-4088-B65E-F16A02A7A6E5}.Ad-Hoc|Any CPU.ActiveCfg = Ad-Hoc|iPhone
		{E249E039-6C7B-4088-B65E-F16A02A7A6E5}.Ad-Hoc|ARM.ActiveCfg = Ad-Hoc|iPhone
		{E249E039-6C7B-4088-B65E-F16A02A7A6E5}.Ad-Hoc|iPhone.ActiveCfg = Ad-Hoc|iPhone
		{E249E039-6C7B-4088-B65E-F16A02A7A6E5}.Ad-Hoc|iPhone.Build.0 = Ad-Hoc|iPhone
		{E249E039-6C7B-4088-B65E-F16A02A7A6E5}.Ad-Hoc|iPhoneSimulator.ActiveCfg = Ad-Hoc|iPhoneSimulator
		{E249E039-6C7B-4088-B65E-F16A02A7A6E5}.Ad-Hoc|iPhoneSimulator.Build.0 = Ad-Hoc|iPhoneSimulator
		{E249E039-6C7B-4088-B65E-F16A02A7A6E5}.Ad-Hoc|x64.ActiveCfg = Ad-Hoc|iPhone
		{E249E039-6C7B-4088-B65E-F16A02A7A6E5}.Ad-Hoc|x86.ActiveCfg = Ad-Hoc|iPhone
		{E249E039-6C7B-4088-B65E-F16A02A7A6E5}.AppStore|Any CPU.ActiveCfg = AppStore|iPhone
		{E249E039-6C7B-4088-B65E-F16A02A7A6E5}.AppStore|ARM.ActiveCfg = AppStore|iPhone
		{E249E039-6C7B-4088-B65E-F16A02A7A6E5}.AppStore|iPhone.ActiveCfg = AppStore|iPhone
		{E249E039-6C7B-4088-B65E-F16A02A7A6E5}.AppStore|iPhone.Build.0 = AppStore|iPhone
		{E249E039-6C7B-4088-B65E-F16A02A7A6E5}.AppStore|iPhoneSimulator.ActiveCfg = AppStore|iPhoneSimulator
		{E249E039-6C7B-4088-B65E-F16A02A7A6E5}.AppStore|iPhoneSimulator.Build.0 = AppStore|iPhoneSimulator
		{E249E039-6C7B-4088-B65E-F16A02A7A6E5}.AppStore|x64.ActiveCfg = AppStore|iPhone
		{E249E039-6C7B-4088-B65E-F16A02A7A6E5}.AppStore|x86.ActiveCfg = AppStore|iPhone
		{E249E039-6C7B-4088-B65E-F16A02A7A6E5}.Debug|Any CPU.ActiveCfg = Debug|iPhone
		{E249E039-6C7B-4088-B65E-F16A02A7A6E5}.Debug|ARM.ActiveCfg = Debug|iPhone
		{E249E039-6C7B-4088-B65E-F16A02A7A6E5}.Debug|iPhone.ActiveCfg = Debug|iPhone
		{E249E039-6C7B-4088-B65E-F16A02A7A6E5}.Debug|iPhone.Build.0 = Debug|iPhone
		{E249E039-6C7B-4088-B65E-F16A02A7A6E5}.Debug|iPhoneSimulator.ActiveCfg = Debug|iPhoneSimulator
		{E249E039-6C7B-4088-B65E-F16A02A7A6E5}.Debug|iPhoneSimulator.Build.0 = Debug|iPhoneSimulator
		{E249E039-6C7B-4088-B65E-F16A02A7A6E5}.Debug|x64.ActiveCfg = Debug|iPhone
		{E249E039-6C7B-4088-B65E-F16A02A7A6E5}.Debug|x86.ActiveCfg = Debug|iPhone
		{E249E039-6C7B-4088-B65E-F16A02A7A6E5}.Release|Any CPU.ActiveCfg = Release|iPhone
		{E249E039-6C7B-4088-B65E-F16A02A7A6E5}.Release|ARM.ActiveCfg = Release|iPhone
		{E249E039-6C7B-4088-B65E-F16A02A7A6E5}.Release|iPhone.ActiveCfg = Release|iPhone
		{E249E039-6C7B-4088-B65E-F16A02A7A6E5}.Release|iPhone.Build.0 = Release|iPhone
		{E249E039-6C7B-4088-B65E-F16A02A7A6E5}.Release|iPhoneSimulator.ActiveCfg = Release|iPhoneSimulator
		{E249E039-6C7B-4088-B65E-F16A02A7A6E5}.Release|iPhoneSimulator.Build.0 = Release|iPhoneSimulator
		{E249E039-6C7B-4088-B65E-F16A02A7A6E5}.Release|x64.ActiveCfg = Release|iPhone
		{E249E039-6C7B-4088-B65E-F16A02A7A6E5}.Release|x86.ActiveCfg = Release|iPhone
		{1F71650C-12DD-45EB-8CF2-CC0E4C0C14B2}.Ad-Hoc|Any CPU.ActiveCfg = Release|x86
		{1F71650C-12DD-45EB-8CF2-CC0E4C0C14B2}.Ad-Hoc|Any CPU.Build.0 = Release|x86
		{1F71650C-12DD-45EB-8CF2-CC0E4C0C14B2}.Ad-Hoc|Any CPU.Deploy.0 = Release|x86
		{1F71650C-12DD-45EB-8CF2-CC0E4C0C14B2}.Ad-Hoc|ARM.ActiveCfg = Release|ARM
		{1F71650C-12DD-45EB-8CF2-CC0E4C0C14B2}.Ad-Hoc|ARM.Build.0 = Release|ARM
		{1F71650C-12DD-45EB-8CF2-CC0E4C0C14B2}.Ad-Hoc|ARM.Deploy.0 = Release|ARM
		{1F71650C-12DD-45EB-8CF2-CC0E4C0C14B2}.Ad-Hoc|iPhone.ActiveCfg = Release|x86
		{1F71650C-12DD-45EB-8CF2-CC0E4C0C14B2}.Ad-Hoc|iPhone.Build.0 = Release|x86
		{1F71650C-12DD-45EB-8CF2-CC0E4C0C14B2}.Ad-Hoc|iPhone.Deploy.0 = Release|x86
		{1F71650C-12DD-45EB-8CF2-CC0E4C0C14B2}.Ad-Hoc|iPhoneSimulator.ActiveCfg = Release|x86
		{1F71650C-12DD-45EB-8CF2-CC0E4C0C14B2}.Ad-Hoc|iPhoneSimulator.Build.0 = Release|x86
		{1F71650C-12DD-45EB-8CF2-CC0E4C0C14B2}.Ad-Hoc|iPhoneSimulator.Deploy.0 = Release|x86
		{1F71650C-12DD-45EB-8CF2-CC0E4C0C14B2}.Ad-Hoc|x64.ActiveCfg = Release|x64
		{1F71650C-12DD-45EB-8CF2-CC0E4C0C14B2}.Ad-Hoc|x64.Build.0 = Release|x64
		{1F71650C-12DD-45EB-8CF2-CC0E4C0C14B2}.Ad-Hoc|x64.Deploy.0 = Release|x64
		{1F71650C-12DD-45EB-8CF2-CC0E4C0C14B2}.Ad-Hoc|x86.ActiveCfg = Release|x86
		{1F71650C-12DD-45EB-8CF2-CC0E4C0C14B2}.Ad-Hoc|x86.Build.0 = Release|x86
		{1F71650C-12DD-45EB-8CF2-CC0E4C0C14B2}.Ad-Hoc|x86.Deploy.0 = Release|x86
		{1F71650C-12DD-45EB-8CF2-CC0E4C0C14B2}.AppStore|Any CPU.ActiveCfg = Release|x86
		{1F71650C-12DD-45EB-8CF2-CC0E4C0C14B2}.AppStore|Any CPU.Build.0 = Release|x86
		{1F71650C-12DD-45EB-8CF2-CC0E4C0C14B2}.AppStore|Any CPU.Deploy.0 = Release|x86
		{1F71650C-12DD-45EB-8CF2-CC0E4C0C14B2}.AppStore|ARM.ActiveCfg = Release|ARM
		{1F71650C-12DD-45EB-8CF2-CC0E4C0C14B2}.AppStore|ARM.Build.0 = Release|ARM
		{1F71650C-12DD-45EB-8CF2-CC0E4C0C14B2}.AppStore|ARM.Deploy.0 = Release|ARM
		{1F71650C-12DD-45EB-8CF2-CC0E4C0C14B2}.AppStore|iPhone.ActiveCfg = Release|x86
		{1F71650C-12DD-45EB-8CF2-CC0E4C0C14B2}.AppStore|iPhone.Build.0 = Release|x86
		{1F71650C-12DD-45EB-8CF2-CC0E4C0C14B2}.AppStore|iPhone.Deploy.0 = Release|x86
		{1F71650C-12DD-45EB-8CF2-CC0E4C0C14B2}.AppStore|iPhoneSimulator.ActiveCfg = Release|x86
		{1F71650C-12DD-45EB-8CF2-CC0E4C0C14B2}.AppStore|iPhoneSimulator.Build.0 = Release|x86
		{1F71650C-12DD-45EB-8CF2-CC0E4C0C14B2}.AppStore|iPhoneSimulator.Deploy.0 = Release|x86
		{1F71650C-12DD-45EB-8CF2-CC0E4C0C14B2}.AppStore|x64.ActiveCfg = Release|x64
		{1F71650C-12DD-45EB-8CF2-CC0E4C0C14B2}.AppStore|x64.Build.0 = Release|x64
		{1F71650C-12DD-45EB-8CF2-CC0E4C0C14B2}.AppStore|x64.Deploy.0 = Release|x64
		{1F71650C-12DD-45EB-8CF2-CC0E4C0C14B2}.AppStore|x86.ActiveCfg = Release|x86
		{1F71650C-12DD-45EB-8CF2-CC0E4C0C14B2}.AppStore|x86.Build.0 = Release|x86
		{1F71650C-12DD-45EB-8CF2-CC0E4C0C14B2}.AppStore|x86.Deploy.0 = Release|x86
		{1F71650C-12DD-45EB-8CF2-CC0E4C0C14B2}.Debug|Any CPU.ActiveCfg = Debug|x86
		{1F71650C-12DD-45EB-8CF2-CC0E4C0C14B2}.Debug|ARM.ActiveCfg = Debug|ARM
		{1F71650C-12DD-45EB-8CF2-CC0E4C0C14B2}.Debug|ARM.Build.0 = Debug|ARM
		{1F71650C-12DD-45EB-8CF2-CC0E4C0C14B2}.Debug|ARM.Deploy.0 = Debug|ARM
		{1F71650C-12DD-45EB-8CF2-CC0E4C0C14B2}.Debug|iPhone.ActiveCfg = Debug|x86
		{1F71650C-12DD-45EB-8CF2-CC0E4C0C14B2}.Debug|iPhoneSimulator.ActiveCfg = Debug|x86
		{1F71650C-12DD-45EB-8CF2-CC0E4C0C14B2}.Debug|x64.ActiveCfg = Debug|x64
		{1F71650C-12DD-45EB-8CF2-CC0E4C0C14B2}.Debug|x64.Build.0 = Debug|x64
		{1F71650C-12DD-45EB-8CF2-CC0E4C0C14B2}.Debug|x64.Deploy.0 = Debug|x64
		{1F71650C-12DD-45EB-8CF2-CC0E4C0C14B2}.Debug|x86.ActiveCfg = Debug|x86
		{1F71650C-12DD-45EB-8CF2-CC0E4C0C14B2}.Debug|x86.Build.0 = Debug|x86
		{1F71650C-12DD-45EB-8CF2-CC0E4C0C14B2}.Debug|x86.Deploy.0 = Debug|x86
		{1F71650C-12DD-45EB-8CF2-CC0E4C0C14B2}.Release|Any CPU.ActiveCfg = Release|x86
		{1F71650C-12DD-45EB-8CF2-CC0E4C0C14B2}.Release|ARM.ActiveCfg = Release|ARM
		{1F71650C-12DD-45EB-8CF2-CC0E4C0C14B2}.Release|ARM.Build.0 = Release|ARM
		{1F71650C-12DD-45EB-8CF2-CC0E4C0C14B2}.Release|ARM.Deploy.0 = Release|ARM
		{1F71650C-12DD-45EB-8CF2-CC0E4C0C14B2}.Release|iPhone.ActiveCfg = Release|x86
		{1F71650C-12DD-45EB-8CF2-CC0E4C0C14B2}.Release|iPhoneSimulator.ActiveCfg = Release|x86
		{1F71650C-12DD-45EB-8CF2-CC0E4C0C14B2}.Release|x64.ActiveCfg = Release|x64
		{1F71650C-12DD-45EB-8CF2-CC0E4C0C14B2}.Release|x64.Build.0 = Release|x64
		{1F71650C-12DD-45EB-8CF2-CC0E4C0C14B2}.Release|x64.Deploy.0 = Release|x64
		{1F71650C-12DD-45EB-8CF2-CC0E4C0C14B2}.Release|x86.ActiveCfg = Release|x86
		{1F71650C-12DD-45EB-8CF2-CC0E4C0C14B2}.Release|x86.Build.0 = Release|x86
		{1F71650C-12DD-45EB-8CF2-CC0E4C0C14B2}.Release|x86.Deploy.0 = Release|x86
		{B356D4F6-9C20-4E10-A1DB-0CC4232DA557}.Ad-Hoc|Any CPU.ActiveCfg = Debug|Any CPU
		{B356D4F6-9C20-4E10-A1DB-0CC4232DA557}.Ad-Hoc|Any CPU.Build.0 = Debug|Any CPU
		{B356D4F6-9C20-4E10-A1DB-0CC4232DA557}.Ad-Hoc|ARM.ActiveCfg = Debug|Any CPU
		{B356D4F6-9C20-4E10-A1DB-0CC4232DA557}.Ad-Hoc|ARM.Build.0 = Debug|Any CPU
		{B356D4F6-9C20-4E10-A1DB-0CC4232DA557}.Ad-Hoc|iPhone.ActiveCfg = Debug|Any CPU
		{B356D4F6-9C20-4E10-A1DB-0CC4232DA557}.Ad-Hoc|iPhone.Build.0 = Debug|Any CPU
		{B356D4F6-9C20-4E10-A1DB-0CC4232DA557}.Ad-Hoc|iPhoneSimulator.ActiveCfg = Debug|Any CPU
		{B356D4F6-9C20-4E10-A1DB-0CC4232DA557}.Ad-Hoc|iPhoneSimulator.Build.0 = Debug|Any CPU
		{B356D4F6-9C20-4E10-A1DB-0CC4232DA557}.Ad-Hoc|x64.ActiveCfg = Debug|Any CPU
		{B356D4F6-9C20-4E10-A1DB-0CC4232DA557}.Ad-Hoc|x64.Build.0 = Debug|Any CPU
		{B356D4F6-9C20-4E10-A1DB-0CC4232DA557}.Ad-Hoc|x86.ActiveCfg = Debug|Any CPU
		{B356D4F6-9C20-4E10-A1DB-0CC4232DA557}.Ad-Hoc|x86.Build.0 = Debug|Any CPU
		{B356D4F6-9C20-4E10-A1DB-0CC4232DA557}.AppStore|Any CPU.ActiveCfg = Debug|Any CPU
		{B356D4F6-9C20-4E10-A1DB-0CC4232DA557}.AppStore|Any CPU.Build.0 = Debug|Any CPU
		{B356D4F6-9C20-4E10-A1DB-0CC4232DA557}.AppStore|ARM.ActiveCfg = Debug|Any CPU
		{B356D4F6-9C20-4E10-A1DB-0CC4232DA557}.AppStore|ARM.Build.0 = Debug|Any CPU
		{B356D4F6-9C20-4E10-A1DB-0CC4232DA557}.AppStore|iPhone.ActiveCfg = Debug|Any CPU
		{B356D4F6-9C20-4E10-A1DB-0CC4232DA557}.AppStore|iPhone.Build.0 = Debug|Any CPU
		{B356D4F6-9C20-4E10-A1DB-0CC4232DA557}.AppStore|iPhoneSimulator.ActiveCfg = Debug|Any CPU
		{B356D4F6-9C20-4E10-A1DB-0CC4232DA557}.AppStore|iPhoneSimulator.Build.0 = Debug|Any CPU
		{B356D4F6-9C20-4E10-A1DB-0CC4232DA557}.AppStore|x64.ActiveCfg = Debug|Any CPU
		{B356D4F6-9C20-4E10-A1DB-0CC4232DA557}.AppStore|x64.Build.0 = Debug|Any CPU
		{B356D4F6-9C20-4E10-A1DB-0CC4232DA557}.AppStore|x86.ActiveCfg = Debug|Any CPU
		{B356D4F6-9C20-4E10-A1DB-0CC4232DA557}.AppStore|x86.Build.0 = Debug|Any CPU
		{B356D4F6-9C20-4E10-A1DB-0CC4232DA557}.Debug|Any CPU.ActiveCfg = Debug|Any CPU
		{B356D4F6-9C20-4E10-A1DB-0CC4232DA557}.Debug|Any CPU.Build.0 = Debug|Any CPU
		{B356D4F6-9C20-4E10-A1DB-0CC4232DA557}.Debug|ARM.ActiveCfg = Debug|Any CPU
		{B356D4F6-9C20-4E10-A1DB-0CC4232DA557}.Debug|ARM.Build.0 = Debug|Any CPU
		{B356D4F6-9C20-4E10-A1DB-0CC4232DA557}.Debug|iPhone.ActiveCfg = Debug|Any CPU
		{B356D4F6-9C20-4E10-A1DB-0CC4232DA557}.Debug|iPhone.Build.0 = Debug|Any CPU
		{B356D4F6-9C20-4E10-A1DB-0CC4232DA557}.Debug|iPhoneSimulator.ActiveCfg = Debug|Any CPU
		{B356D4F6-9C20-4E10-A1DB-0CC4232DA557}.Debug|iPhoneSimulator.Build.0 = Debug|Any CPU
		{B356D4F6-9C20-4E10-A1DB-0CC4232DA557}.Debug|x64.ActiveCfg = Debug|Any CPU
		{B356D4F6-9C20-4E10-A1DB-0CC4232DA557}.Debug|x64.Build.0 = Debug|Any CPU
		{B356D4F6-9C20-4E10-A1DB-0CC4232DA557}.Debug|x86.ActiveCfg = Debug|Any CPU
		{B356D4F6-9C20-4E10-A1DB-0CC4232DA557}.Debug|x86.Build.0 = Debug|Any CPU
		{B356D4F6-9C20-4E10-A1DB-0CC4232DA557}.Release|Any CPU.ActiveCfg = Release|Any CPU
		{B356D4F6-9C20-4E10-A1DB-0CC4232DA557}.Release|Any CPU.Build.0 = Release|Any CPU
		{B356D4F6-9C20-4E10-A1DB-0CC4232DA557}.Release|ARM.ActiveCfg = Release|Any CPU
		{B356D4F6-9C20-4E10-A1DB-0CC4232DA557}.Release|ARM.Build.0 = Release|Any CPU
		{B356D4F6-9C20-4E10-A1DB-0CC4232DA557}.Release|iPhone.ActiveCfg = Release|Any CPU
		{B356D4F6-9C20-4E10-A1DB-0CC4232DA557}.Release|iPhone.Build.0 = Release|Any CPU
		{B356D4F6-9C20-4E10-A1DB-0CC4232DA557}.Release|iPhoneSimulator.ActiveCfg = Release|Any CPU
		{B356D4F6-9C20-4E10-A1DB-0CC4232DA557}.Release|iPhoneSimulator.Build.0 = Release|Any CPU
		{B356D4F6-9C20-4E10-A1DB-0CC4232DA557}.Release|x64.ActiveCfg = Release|Any CPU
		{B356D4F6-9C20-4E10-A1DB-0CC4232DA557}.Release|x64.Build.0 = Release|Any CPU
		{B356D4F6-9C20-4E10-A1DB-0CC4232DA557}.Release|x86.ActiveCfg = Release|Any CPU
		{B356D4F6-9C20-4E10-A1DB-0CC4232DA557}.Release|x86.Build.0 = Release|Any CPU
		{B64472DA-8899-4D65-9070-555812BCE55A}.Ad-Hoc|Any CPU.ActiveCfg = Debug|Any CPU
		{B64472DA-8899-4D65-9070-555812BCE55A}.Ad-Hoc|Any CPU.Build.0 = Debug|Any CPU
		{B64472DA-8899-4D65-9070-555812BCE55A}.Ad-Hoc|ARM.ActiveCfg = Debug|Any CPU
		{B64472DA-8899-4D65-9070-555812BCE55A}.Ad-Hoc|ARM.Build.0 = Debug|Any CPU
		{B64472DA-8899-4D65-9070-555812BCE55A}.Ad-Hoc|iPhone.ActiveCfg = Debug|Any CPU
		{B64472DA-8899-4D65-9070-555812BCE55A}.Ad-Hoc|iPhone.Build.0 = Debug|Any CPU
		{B64472DA-8899-4D65-9070-555812BCE55A}.Ad-Hoc|iPhoneSimulator.ActiveCfg = Debug|Any CPU
		{B64472DA-8899-4D65-9070-555812BCE55A}.Ad-Hoc|iPhoneSimulator.Build.0 = Debug|Any CPU
		{B64472DA-8899-4D65-9070-555812BCE55A}.Ad-Hoc|x64.ActiveCfg = Debug|Any CPU
		{B64472DA-8899-4D65-9070-555812BCE55A}.Ad-Hoc|x64.Build.0 = Debug|Any CPU
		{B64472DA-8899-4D65-9070-555812BCE55A}.Ad-Hoc|x86.ActiveCfg = Debug|Any CPU
		{B64472DA-8899-4D65-9070-555812BCE55A}.Ad-Hoc|x86.Build.0 = Debug|Any CPU
		{B64472DA-8899-4D65-9070-555812BCE55A}.AppStore|Any CPU.ActiveCfg = Debug|Any CPU
		{B64472DA-8899-4D65-9070-555812BCE55A}.AppStore|Any CPU.Build.0 = Debug|Any CPU
		{B64472DA-8899-4D65-9070-555812BCE55A}.AppStore|ARM.ActiveCfg = Debug|Any CPU
		{B64472DA-8899-4D65-9070-555812BCE55A}.AppStore|ARM.Build.0 = Debug|Any CPU
		{B64472DA-8899-4D65-9070-555812BCE55A}.AppStore|iPhone.ActiveCfg = Debug|Any CPU
		{B64472DA-8899-4D65-9070-555812BCE55A}.AppStore|iPhone.Build.0 = Debug|Any CPU
		{B64472DA-8899-4D65-9070-555812BCE55A}.AppStore|iPhoneSimulator.ActiveCfg = Debug|Any CPU
		{B64472DA-8899-4D65-9070-555812BCE55A}.AppStore|iPhoneSimulator.Build.0 = Debug|Any CPU
		{B64472DA-8899-4D65-9070-555812BCE55A}.AppStore|x64.ActiveCfg = Debug|Any CPU
		{B64472DA-8899-4D65-9070-555812BCE55A}.AppStore|x64.Build.0 = Debug|Any CPU
		{B64472DA-8899-4D65-9070-555812BCE55A}.AppStore|x86.ActiveCfg = Debug|Any CPU
		{B64472DA-8899-4D65-9070-555812BCE55A}.AppStore|x86.Build.0 = Debug|Any CPU
		{B64472DA-8899-4D65-9070-555812BCE55A}.Debug|Any CPU.ActiveCfg = Debug|Any CPU
		{B64472DA-8899-4D65-9070-555812BCE55A}.Debug|Any CPU.Build.0 = Debug|Any CPU
		{B64472DA-8899-4D65-9070-555812BCE55A}.Debug|ARM.ActiveCfg = Debug|Any CPU
		{B64472DA-8899-4D65-9070-555812BCE55A}.Debug|ARM.Build.0 = Debug|Any CPU
		{B64472DA-8899-4D65-9070-555812BCE55A}.Debug|iPhone.ActiveCfg = Debug|Any CPU
		{B64472DA-8899-4D65-9070-555812BCE55A}.Debug|iPhone.Build.0 = Debug|Any CPU
		{B64472DA-8899-4D65-9070-555812BCE55A}.Debug|iPhoneSimulator.ActiveCfg = Debug|Any CPU
		{B64472DA-8899-4D65-9070-555812BCE55A}.Debug|iPhoneSimulator.Build.0 = Debug|Any CPU
		{B64472DA-8899-4D65-9070-555812BCE55A}.Debug|x64.ActiveCfg = Debug|Any CPU
		{B64472DA-8899-4D65-9070-555812BCE55A}.Debug|x64.Build.0 = Debug|Any CPU
		{B64472DA-8899-4D65-9070-555812BCE55A}.Debug|x86.ActiveCfg = Debug|Any CPU
		{B64472DA-8899-4D65-9070-555812BCE55A}.Debug|x86.Build.0 = Debug|Any CPU
		{B64472DA-8899-4D65-9070-555812BCE55A}.Release|Any CPU.ActiveCfg = Release|Any CPU
		{B64472DA-8899-4D65-9070-555812BCE55A}.Release|Any CPU.Build.0 = Release|Any CPU
		{B64472DA-8899-4D65-9070-555812BCE55A}.Release|ARM.ActiveCfg = Release|Any CPU
		{B64472DA-8899-4D65-9070-555812BCE55A}.Release|ARM.Build.0 = Release|Any CPU
		{B64472DA-8899-4D65-9070-555812BCE55A}.Release|iPhone.ActiveCfg = Release|Any CPU
		{B64472DA-8899-4D65-9070-555812BCE55A}.Release|iPhone.Build.0 = Release|Any CPU
		{B64472DA-8899-4D65-9070-555812BCE55A}.Release|iPhoneSimulator.ActiveCfg = Release|Any CPU
		{B64472DA-8899-4D65-9070-555812BCE55A}.Release|iPhoneSimulator.Build.0 = Release|Any CPU
		{B64472DA-8899-4D65-9070-555812BCE55A}.Release|x64.ActiveCfg = Release|Any CPU
		{B64472DA-8899-4D65-9070-555812BCE55A}.Release|x64.Build.0 = Release|Any CPU
		{B64472DA-8899-4D65-9070-555812BCE55A}.Release|x86.ActiveCfg = Release|Any CPU
		{B64472DA-8899-4D65-9070-555812BCE55A}.Release|x86.Build.0 = Release|Any CPU
		{AA7EFEF1-91F5-4218-9600-41D75E198039}.Ad-Hoc|Any CPU.ActiveCfg = Debug|Any CPU
		{AA7EFEF1-91F5-4218-9600-41D75E198039}.Ad-Hoc|Any CPU.Build.0 = Debug|Any CPU
		{AA7EFEF1-91F5-4218-9600-41D75E198039}.Ad-Hoc|ARM.ActiveCfg = Debug|Any CPU
		{AA7EFEF1-91F5-4218-9600-41D75E198039}.Ad-Hoc|ARM.Build.0 = Debug|Any CPU
		{AA7EFEF1-91F5-4218-9600-41D75E198039}.Ad-Hoc|iPhone.ActiveCfg = Debug|Any CPU
		{AA7EFEF1-91F5-4218-9600-41D75E198039}.Ad-Hoc|iPhone.Build.0 = Debug|Any CPU
		{AA7EFEF1-91F5-4218-9600-41D75E198039}.Ad-Hoc|iPhoneSimulator.ActiveCfg = Debug|Any CPU
		{AA7EFEF1-91F5-4218-9600-41D75E198039}.Ad-Hoc|iPhoneSimulator.Build.0 = Debug|Any CPU
		{AA7EFEF1-91F5-4218-9600-41D75E198039}.Ad-Hoc|x64.ActiveCfg = Debug|Any CPU
		{AA7EFEF1-91F5-4218-9600-41D75E198039}.Ad-Hoc|x64.Build.0 = Debug|Any CPU
		{AA7EFEF1-91F5-4218-9600-41D75E198039}.Ad-Hoc|x86.ActiveCfg = Debug|Any CPU
		{AA7EFEF1-91F5-4218-9600-41D75E198039}.Ad-Hoc|x86.Build.0 = Debug|Any CPU
		{AA7EFEF1-91F5-4218-9600-41D75E198039}.AppStore|Any CPU.ActiveCfg = Debug|Any CPU
		{AA7EFEF1-91F5-4218-9600-41D75E198039}.AppStore|Any CPU.Build.0 = Debug|Any CPU
		{AA7EFEF1-91F5-4218-9600-41D75E198039}.AppStore|ARM.ActiveCfg = Debug|Any CPU
		{AA7EFEF1-91F5-4218-9600-41D75E198039}.AppStore|ARM.Build.0 = Debug|Any CPU
		{AA7EFEF1-91F5-4218-9600-41D75E198039}.AppStore|iPhone.ActiveCfg = Debug|Any CPU
		{AA7EFEF1-91F5-4218-9600-41D75E198039}.AppStore|iPhone.Build.0 = Debug|Any CPU
		{AA7EFEF1-91F5-4218-9600-41D75E198039}.AppStore|iPhoneSimulator.ActiveCfg = Debug|Any CPU
		{AA7EFEF1-91F5-4218-9600-41D75E198039}.AppStore|iPhoneSimulator.Build.0 = Debug|Any CPU
		{AA7EFEF1-91F5-4218-9600-41D75E198039}.AppStore|x64.ActiveCfg = Debug|Any CPU
		{AA7EFEF1-91F5-4218-9600-41D75E198039}.AppStore|x64.Build.0 = Debug|Any CPU
		{AA7EFEF1-91F5-4218-9600-41D75E198039}.AppStore|x86.ActiveCfg = Debug|Any CPU
		{AA7EFEF1-91F5-4218-9600-41D75E198039}.AppStore|x86.Build.0 = Debug|Any CPU
		{AA7EFEF1-91F5-4218-9600-41D75E198039}.Debug|Any CPU.ActiveCfg = Debug|Any CPU
		{AA7EFEF1-91F5-4218-9600-41D75E198039}.Debug|Any CPU.Build.0 = Debug|Any CPU
		{AA7EFEF1-91F5-4218-9600-41D75E198039}.Debug|ARM.ActiveCfg = Debug|Any CPU
		{AA7EFEF1-91F5-4218-9600-41D75E198039}.Debug|ARM.Build.0 = Debug|Any CPU
		{AA7EFEF1-91F5-4218-9600-41D75E198039}.Debug|iPhone.ActiveCfg = Debug|Any CPU
		{AA7EFEF1-91F5-4218-9600-41D75E198039}.Debug|iPhone.Build.0 = Debug|Any CPU
		{AA7EFEF1-91F5-4218-9600-41D75E198039}.Debug|iPhoneSimulator.ActiveCfg = Debug|Any CPU
		{AA7EFEF1-91F5-4218-9600-41D75E198039}.Debug|iPhoneSimulator.Build.0 = Debug|Any CPU
		{AA7EFEF1-91F5-4218-9600-41D75E198039}.Debug|x64.ActiveCfg = Debug|Any CPU
		{AA7EFEF1-91F5-4218-9600-41D75E198039}.Debug|x64.Build.0 = Debug|Any CPU
		{AA7EFEF1-91F5-4218-9600-41D75E198039}.Debug|x86.ActiveCfg = Debug|Any CPU
		{AA7EFEF1-91F5-4218-9600-41D75E198039}.Debug|x86.Build.0 = Debug|Any CPU
		{AA7EFEF1-91F5-4218-9600-41D75E198039}.Release|Any CPU.ActiveCfg = Release|Any CPU
		{AA7EFEF1-91F5-4218-9600-41D75E198039}.Release|Any CPU.Build.0 = Release|Any CPU
		{AA7EFEF1-91F5-4218-9600-41D75E198039}.Release|ARM.ActiveCfg = Release|Any CPU
		{AA7EFEF1-91F5-4218-9600-41D75E198039}.Release|ARM.Build.0 = Release|Any CPU
		{AA7EFEF1-91F5-4218-9600-41D75E198039}.Release|iPhone.ActiveCfg = Release|Any CPU
		{AA7EFEF1-91F5-4218-9600-41D75E198039}.Release|iPhone.Build.0 = Release|Any CPU
		{AA7EFEF1-91F5-4218-9600-41D75E198039}.Release|iPhoneSimulator.ActiveCfg = Release|Any CPU
		{AA7EFEF1-91F5-4218-9600-41D75E198039}.Release|iPhoneSimulator.Build.0 = Release|Any CPU
		{AA7EFEF1-91F5-4218-9600-41D75E198039}.Release|x64.ActiveCfg = Release|Any CPU
		{AA7EFEF1-91F5-4218-9600-41D75E198039}.Release|x64.Build.0 = Release|Any CPU
		{AA7EFEF1-91F5-4218-9600-41D75E198039}.Release|x86.ActiveCfg = Release|Any CPU
		{AA7EFEF1-91F5-4218-9600-41D75E198039}.Release|x86.Build.0 = Release|Any CPU
	EndGlobalSection
	GlobalSection(SolutionProperties) = preSolution
		HideSolutionNode = FALSE
	EndGlobalSection
	GlobalSection(ExtensibilityGlobals) = postSolution
		SolutionGuid = {62942819-851C-4D7A-B6E4-C8E2346F5F23}
	EndGlobalSection
EndGlobal
